// !$*UTF8*$!
{
	archiveVersion = 1;
	classes = {
	};
	objectVersion = 46;
	objects = {

/* Begin PBXBuildFile section */
		FAFE02421C76396C006F0EA8 /* main.cpp in Sources */ = {isa = PBXBuildFile; fileRef = FAFE02411C76396C006F0EA8 /* main.cpp */; };
/* End PBXBuildFile section */

/* Begin PBXCopyFilesBuildPhase section */
		FAFE023C1C76396C006F0EA8 /* CopyFiles */ = {
			isa = PBXCopyFilesBuildPhase;
			buildActionMask = 2147483647;
			dstPath = /usr/share/man/man1/;
			dstSubfolderSpec = 0;
			files = (
			);
			runOnlyForDeploymentPostprocessing = 1;
		};
/* End PBXCopyFilesBuildPhase section */

/* Begin PBXFileReference section */
		FAFE023E1C76396C006F0EA8 /* OpenCV_Detection */ = {isa = PBXFileReference; explicitFileType = "compiled.mach-o.executable"; includeInIndex = 0; path = OpenCV_Detection; sourceTree = BUILT_PRODUCTS_DIR; };
		FAFE02411C76396C006F0EA8 /* main.cpp */ = {isa = PBXFileReference; lastKnownFileType = sourcecode.cpp.cpp; path = main.cpp; sourceTree = "<group>"; };
/* End PBXFileReference section */

/* Begin PBXFrameworksBuildPhase section */
		FAFE023B1C76396C006F0EA8 /* Frameworks */ = {
			isa = PBXFrameworksBuildPhase;
			buildActionMask = 2147483647;
			files = (
			);
			runOnlyForDeploymentPostprocessing = 0;
		};
/* End PBXFrameworksBuildPhase section */

/* Begin PBXGroup section */
		FAFE02351C76396C006F0EA8 = {
			isa = PBXGroup;
			children = (
				FAFE02401C76396C006F0EA8 /* OpenCV_Detection */,
				FAFE023F1C76396C006F0EA8 /* Products */,
			);
			sourceTree = "<group>";
		};
		FAFE023F1C76396C006F0EA8 /* Products */ = {
			isa = PBXGroup;
			children = (
				FAFE023E1C76396C006F0EA8 /* OpenCV_Detection */,
			);
			name = Products;
			sourceTree = "<group>";
		};
		FAFE02401C76396C006F0EA8 /* OpenCV_Detection */ = {
			isa = PBXGroup;
			children = (
				FAFE02411C76396C006F0EA8 /* main.cpp */,
			);
			path = OpenCV_Detection;
			sourceTree = "<group>";
		};
/* End PBXGroup section */

/* Begin PBXNativeTarget section */
		FAFE023D1C76396C006F0EA8 /* OpenCV_Detection */ = {
			isa = PBXNativeTarget;
			buildConfigurationList = FAFE02451C76396C006F0EA8 /* Build configuration list for PBXNativeTarget "OpenCV_Detection" */;
			buildPhases = (
				FAFE023A1C76396C006F0EA8 /* Sources */,
				FAFE023B1C76396C006F0EA8 /* Frameworks */,
				FAFE023C1C76396C006F0EA8 /* CopyFiles */,
			);
			buildRules = (
			);
			dependencies = (
			);
			name = OpenCV_Detection;
			productName = OpenCV_Detection;
			productReference = FAFE023E1C76396C006F0EA8 /* OpenCV_Detection */;
			productType = "com.apple.product-type.tool";
		};
/* End PBXNativeTarget section */

/* Begin PBXProject section */
		FAFE02361C76396C006F0EA8 /* Project object */ = {
			isa = PBXProject;
			attributes = {
				LastUpgradeCheck = 0640;
				ORGANIZATIONNAME = kosa;
				TargetAttributes = {
					FAFE023D1C76396C006F0EA8 = {
						CreatedOnToolsVersion = 6.4;
					};
				};
			};
			buildConfigurationList = FAFE02391C76396C006F0EA8 /* Build configuration list for PBXProject "OpenCV_Detection" */;
			compatibilityVersion = "Xcode 3.2";
			developmentRegion = English;
			hasScannedForEncodings = 0;
			knownRegions = (
				en,
			);
			mainGroup = FAFE02351C76396C006F0EA8;
			productRefGroup = FAFE023F1C76396C006F0EA8 /* Products */;
			projectDirPath = "";
			projectRoot = "";
			targets = (
				FAFE023D1C76396C006F0EA8 /* OpenCV_Detection */,
			);
		};
/* End PBXProject section */

/* Begin PBXSourcesBuildPhase section */
		FAFE023A1C76396C006F0EA8 /* Sources */ = {
			isa = PBXSourcesBuildPhase;
			buildActionMask = 2147483647;
			files = (
				FAFE02421C76396C006F0EA8 /* main.cpp in Sources */,
			);
			runOnlyForDeploymentPostprocessing = 0;
		};
/* End PBXSourcesBuildPhase section */

/* Begin XCBuildConfiguration section */
		FAFE02431C76396C006F0EA8 /* Debug */ = {
			isa = XCBuildConfiguration;
			buildSettings = {
				ALWAYS_SEARCH_USER_PATHS = NO;
				CLANG_CXX_LANGUAGE_STANDARD = "gnu++0x";
				CLANG_CXX_LIBRARY = "libc++";
				CLANG_ENABLE_MODULES = YES;
				CLANG_ENABLE_OBJC_ARC = YES;
				CLANG_WARN_BOOL_CONVERSION = YES;
				CLANG_WARN_CONSTANT_CONVERSION = YES;
				CLANG_WARN_DIRECT_OBJC_ISA_USAGE = YES_ERROR;
				CLANG_WARN_EMPTY_BODY = YES;
				CLANG_WARN_ENUM_CONVERSION = YES;
				CLANG_WARN_INT_CONVERSION = YES;
				CLANG_WARN_OBJC_ROOT_CLASS = YES_ERROR;
				CLANG_WARN_UNREACHABLE_CODE = YES;
				CLANG_WARN__DUPLICATE_METHOD_MATCH = YES;
				COPY_PHASE_STRIP = NO;
				DEBUG_INFORMATION_FORMAT = dwarf;
				ENABLE_STRICT_OBJC_MSGSEND = YES;
				GCC_C_LANGUAGE_STANDARD = gnu99;
				GCC_DYNAMIC_NO_PIC = NO;
				GCC_NO_COMMON_BLOCKS = YES;
				GCC_OPTIMIZATION_LEVEL = 0;
				GCC_PREPROCESSOR_DEFINITIONS = (
					"DEBUG=1",
					"$(inherited)",
				);
				GCC_SYMBOLS_PRIVATE_EXTERN = NO;
				GCC_WARN_64_TO_32_BIT_CONVERSION = YES;
				GCC_WARN_ABOUT_RETURN_TYPE = YES_ERROR;
				GCC_WARN_UNDECLARED_SELECTOR = YES;
				GCC_WARN_UNINITIALIZED_AUTOS = YES_AGGRESSIVE;
				GCC_WARN_UNUSED_FUNCTION = YES;
				GCC_WARN_UNUSED_VARIABLE = YES;
				MACOSX_DEPLOYMENT_TARGET = 10.10;
				MTL_ENABLE_DEBUG_INFO = YES;
				ONLY_ACTIVE_ARCH = YES;
				SDKROOT = macosx;
			};
			name = Debug;
		};
		FAFE02441C76396C006F0EA8 /* Release */ = {
			isa = XCBuildConfiguration;
			buildSettings = {
				ALWAYS_SEARCH_USER_PATHS = NO;
				CLANG_CXX_LANGUAGE_STANDARD = "gnu++0x";
				CLANG_CXX_LIBRARY = "libc++";
				CLANG_ENABLE_MODULES = YES;
				CLANG_ENABLE_OBJC_ARC = YES;
				CLANG_WARN_BOOL_CONVERSION = YES;
				CLANG_WARN_CONSTANT_CONVERSION = YES;
				CLANG_WARN_DIRECT_OBJC_ISA_USAGE = YES_ERROR;
				CLANG_WARN_EMPTY_BODY = YES;
				CLANG_WARN_ENUM_CONVERSION = YES;
				CLANG_WARN_INT_CONVERSION = YES;
				CLANG_WARN_OBJC_ROOT_CLASS = YES_ERROR;
				CLANG_WARN_UNREACHABLE_CODE = YES;
				CLANG_WARN__DUPLICATE_METHOD_MATCH = YES;
				COPY_PHASE_STRIP = NO;
				DEBUG_INFORMATION_FORMAT = "dwarf-with-dsym";
				ENABLE_NS_ASSERTIONS = NO;
				ENABLE_STRICT_OBJC_MSGSEND = YES;
				GCC_C_LANGUAGE_STANDARD = gnu99;
				GCC_NO_COMMON_BLOCKS = YES;
				GCC_WARN_64_TO_32_BIT_CONVERSION = YES;
				GCC_WARN_ABOUT_RETURN_TYPE = YES_ERROR;
				GCC_WARN_UNDECLARED_SELECTOR = YES;
				GCC_WARN_UNINITIALIZED_AUTOS = YES_AGGRESSIVE;
				GCC_WARN_UNUSED_FUNCTION = YES;
				GCC_WARN_UNUSED_VARIABLE = YES;
				MACOSX_DEPLOYMENT_TARGET = 10.10;
				MTL_ENABLE_DEBUG_INFO = NO;
				SDKROOT = macosx;
			};
			name = Release;
		};
		FAFE02461C76396C006F0EA8 /* Debug */ = {
			isa = XCBuildConfiguration;
			buildSettings = {
				PRODUCT_NAME = "$(TARGET_NAME)";
			};
			name = Debug;
		};
		FAFE02471C76396C006F0EA8 /* Release */ = {
			isa = XCBuildConfiguration;
			buildSettings = {
				PRODUCT_NAME = "$(TARGET_NAME)";
			};
			name = Release;
		};
/* End XCBuildConfiguration section */

/* Begin XCConfigurationList section */
		FAFE02391C76396C006F0EA8 /* Build configuration list for PBXProject "OpenCV_Detection" */ = {
			isa = XCConfigurationList;
			buildConfigurations = (
				FAFE02431C76396C006F0EA8 /* Debug */,
				FAFE02441C76396C006F0EA8 /* Release */,
			);
			defaultConfigurationIsVisible = 0;
			defaultConfigurationName = Release;
		};
		FAFE02451C76396C006F0EA8 /* Build configuration list for PBXNativeTarget "OpenCV_Detection" */ = {
			isa = XCConfigurationList;
			buildConfigurations = (
				FAFE02461C76396C006F0EA8 /* Debug */,
				FAFE02471C76396C006F0EA8 /* Release */,
			);
			defaultConfigurationIsVisible = 0;
		};
/* End XCConfigurationList section */
	};
	rootObject = FAFE02361C76396C006F0EA8 /* Project object */;
}
